
Microsoft Visual Studio Solution File, Format Version 12.00
# Visual Studio Version 17
VisualStudioVersion = 17.0.32014.148
MinimumVisualStudioVersion = 10.0.40219.1
Project("{FAE04EC0-301F-11D3-BF4B-00C04F79EFBC}") = "task4.8(1)", "task4.8\task4.8(1).csproj", "{E0124C30-DEF7-49CB-B1DE-EC79A6092A96}"
EndProject
Project("{FAE04EC0-301F-11D3-BF4B-00C04F79EFBC}") = "task4.8(2)", "task4.8(2)\task4.8(2).csproj", "{88B1D83D-B4AD-4AF6-8D64-CFDF37AB3AC6}"
EndProject
Project("{FAE04EC0-301F-11D3-BF4B-00C04F79EFBC}") = "task4.8(3)", "task4.8(3)\task4.8(3).csproj", "{137CD07D-C56B-41A5-9BC9-1120979D7D25}"
EndProject
Global
	GlobalSection(SolutionConfigurationPlatforms) = preSolution
		Debug|Any CPU = Debug|Any CPU
		Release|Any CPU = Release|Any CPU
	EndGlobalSection
	GlobalSection(ProjectConfigurationPlatforms) = postSolution
		{E0124C30-DEF7-49CB-B1DE-EC79A6092A96}.Debug|Any CPU.ActiveCfg = Debug|Any CPU
		{E0124C30-DEF7-49CB-B1DE-EC79A6092A96}.Debug|Any CPU.Build.0 = Debug|Any CPU
		{E0124C30-DEF7-49CB-B1DE-EC79A6092A96}.Release|Any CPU.ActiveCfg = Release|Any CPU
		{E0124C30-DEF7-49CB-B1DE-EC79A6092A96}.Release|Any CPU.Build.0 = Release|Any CPU
		{88B1D83D-B4AD-4AF6-8D64-CFDF37AB3AC6}.Debug|Any CPU.ActiveCfg = Debug|Any CPU
		{88B1D83D-B4AD-4AF6-8D64-CFDF37AB3AC6}.Debug|Any CPU.Build.0 = Debug|Any CPU
		{88B1D83D-B4AD-4AF6-8D64-CFDF37AB3AC6}.Release|Any CPU.ActiveCfg = Release|Any CPU
		{88B1D83D-B4AD-4AF6-8D64-CFDF37AB3AC6}.Release|Any CPU.Build.0 = Release|Any CPU
		{137CD07D-C56B-41A5-9BC9-1120979D7D25}.Debug|Any CPU.ActiveCfg = Debug|Any CPU
		{137CD07D-C56B-41A5-9BC9-1120979D7D25}.Debug|Any CPU.Build.0 = Debug|Any CPU
		{137CD07D-C56B-41A5-9BC9-1120979D7D25}.Release|Any CPU.ActiveCfg = Release|Any CPU
		{137CD07D-C56B-41A5-9BC9-1120979D7D25}.Release|Any CPU.Build.0 = Release|Any CPU
	EndGlobalSection
	GlobalSection(SolutionProperties) = preSolution
		HideSolutionNode = FALSE
	EndGlobalSection
	GlobalSection(ExtensibilityGlobals) = postSolution
		SolutionGuid = {70A14852-30DA-4F79-A480-C064B2CA48BD}
	EndGlobalSection
EndGlobal
